
Microsoft Visual Studio Solution File, Format Version 12.00
# Visual Studio Version 17
VisualStudioVersion = 17.0.32014.148
MinimumVisualStudioVersion = 10.0.40219.1
Project("{9A19103F-16F7-4668-BE54-9A1E7A4F7556}") = "Assignment2", "Lab4\Assignment2.csproj", "{88E6B28E-B3B2-42FA-8441-69DFFA1ABBC1}"
EndProject
Global
	GlobalSection(SolutionConfigurationPlatforms) = preSolution
		Debug|Any CPU = Debug|Any CPU
		Release|Any CPU = Release|Any CPU
	EndGlobalSection
	GlobalSection(ProjectConfigurationPlatforms) = postSolution
		{88E6B28E-B3B2-42FA-8441-69DFFA1ABBC1}.Debug|Any CPU.ActiveCfg = Debug|Any CPU
		{88E6B28E-B3B2-42FA-8441-69DFFA1ABBC1}.Debug|Any CPU.Build.0 = Debug|Any CPU
		{88E6B28E-B3B2-42FA-8441-69DFFA1ABBC1}.Release|Any CPU.ActiveCfg = Release|Any CPU
		{88E6B28E-B3B2-42FA-8441-69DFFA1ABBC1}.Release|Any CPU.Build.0 = Release|Any CPU
	EndGlobalSection
	GlobalSection(SolutionProperties) = preSolution
		HideSolutionNode = FALSE
	EndGlobalSection
	GlobalSection(ExtensibilityGlobals) = postSolution
		SolutionGuid = {BE8856CA-F37E-406A-A54F-C5C55AA7E610}
	EndGlobalSection
EndGlobal
